// !$*UTF8*$!
{
	archiveVersion = 1;
	classes = {
	};
	objectVersion = 56;
	objects = {

/* Begin PBXBuildFile section */
		3739B46D2A21E3BD000F689D /* Assets.xcassets in Resources */ = {isa = PBXBuildFile; fileRef = 3739B46C2A21E3BD000F689D /* Assets.xcassets */; };
		3739B4702A21E3BD000F689D /* Preview Assets.xcassets in Resources */ = {isa = PBXBuildFile; fileRef = 3739B46F2A21E3BD000F689D /* Preview Assets.xcassets */; };
		3739B4C22A232E92000F689D /* Tiles2048App.swift in Sources */ = {isa = PBXBuildFile; fileRef = 3739B4682A21E3BC000F689D /* Tiles2048App.swift */; };
		3739B4C42A232E92000F689D /* TileColorTheme.swift in Sources */ = {isa = PBXBuildFile; fileRef = 3739B48E2A223AF3000F689D /* TileColorTheme.swift */; };
		3739B4C52A232E92000F689D /* TileView.swift in Sources */ = {isa = PBXBuildFile; fileRef = 3739B4902A223F0A000F689D /* TileView.swift */; };
		3739B4C62A232E92000F689D /* BoardView.swift in Sources */ = {isa = PBXBuildFile; fileRef = 3739B4922A224745000F689D /* BoardView.swift */; };
		3739B4C92A232E92000F689D /* GameView.swift in Sources */ = {isa = PBXBuildFile; fileRef = 3739B4982A22C933000F689D /* GameView.swift */; };
		3739B4CA2A232E92000F689D /* GameLogic.swift in Sources */ = {isa = PBXBuildFile; fileRef = 3739B49A2A22CAC3000F689D /* GameLogic.swift */; };
		3739B4CB2A232E92000F689D /* FactoryContentView.swift in Sources */ = {isa = PBXBuildFile; fileRef = 3739B4BF2A22CCCE000F689D /* FactoryContentView.swift */; };
		3739B4E22A23548A000F689D /* README.md in Resources */ = {isa = PBXBuildFile; fileRef = 3739B4E12A23548A000F689D /* README.md */; };
		3739B4E42A23840C000F689D /* TileMatrix.swift in Sources */ = {isa = PBXBuildFile; fileRef = 3739B4E32A23840C000F689D /* TileMatrix.swift */; };
		3739B4E62A238450000F689D /* Tile.swift in Sources */ = {isa = PBXBuildFile; fileRef = 3739B4E52A238450000F689D /* Tile.swift */; };
/* End PBXBuildFile section */

/* Begin PBXFileReference section */
		3739B4652A21E3BC000F689D /* Tiles2048.app */ = {isa = PBXFileReference; explicitFileType = wrapper.application; includeInIndex = 0; path = Tiles2048.app; sourceTree = BUILT_PRODUCTS_DIR; };
		3739B4682A21E3BC000F689D /* Tiles2048App.swift */ = {isa = PBXFileReference; lastKnownFileType = sourcecode.swift; path = Tiles2048App.swift; sourceTree = "<group>"; };
		3739B46C2A21E3BD000F689D /* Assets.xcassets */ = {isa = PBXFileReference; lastKnownFileType = folder.assetcatalog; path = Assets.xcassets; sourceTree = "<group>"; };
		3739B46F2A21E3BD000F689D /* Preview Assets.xcassets */ = {isa = PBXFileReference; lastKnownFileType = folder.assetcatalog; path = "Preview Assets.xcassets"; sourceTree = "<group>"; };
		3739B48E2A223AF3000F689D /* TileColorTheme.swift */ = {isa = PBXFileReference; lastKnownFileType = sourcecode.swift; path = TileColorTheme.swift; sourceTree = "<group>"; };
		3739B4902A223F0A000F689D /* TileView.swift */ = {isa = PBXFileReference; lastKnownFileType = sourcecode.swift; path = TileView.swift; sourceTree = "<group>"; };
		3739B4922A224745000F689D /* BoardView.swift */ = {isa = PBXFileReference; lastKnownFileType = sourcecode.swift; path = BoardView.swift; sourceTree = "<group>"; };
		3739B4982A22C933000F689D /* GameView.swift */ = {isa = PBXFileReference; lastKnownFileType = sourcecode.swift; path = GameView.swift; sourceTree = "<group>"; };
		3739B49A2A22CAC3000F689D /* GameLogic.swift */ = {isa = PBXFileReference; lastKnownFileType = sourcecode.swift; path = GameLogic.swift; sourceTree = "<group>"; };
		3739B4BF2A22CCCE000F689D /* FactoryContentView.swift */ = {isa = PBXFileReference; fileEncoding = 4; lastKnownFileType = sourcecode.swift; path = FactoryContentView.swift; sourceTree = "<group>"; };
		3739B4E12A23548A000F689D /* README.md */ = {isa = PBXFileReference; lastKnownFileType = net.daringfireball.markdown; path = README.md; sourceTree = "<group>"; };
		3739B4E32A23840C000F689D /* TileMatrix.swift */ = {isa = PBXFileReference; lastKnownFileType = sourcecode.swift; path = TileMatrix.swift; sourceTree = "<group>"; };
		3739B4E52A238450000F689D /* Tile.swift */ = {isa = PBXFileReference; lastKnownFileType = sourcecode.swift; path = Tile.swift; sourceTree = "<group>"; };
/* End PBXFileReference section */

/* Begin PBXFrameworksBuildPhase section */
		3739B4622A21E3BC000F689D /* Frameworks */ = {
			isa = PBXFrameworksBuildPhase;
			buildActionMask = 2147483647;
			files = (
			);
			runOnlyForDeploymentPostprocessing = 0;
		};
/* End PBXFrameworksBuildPhase section */

/* Begin PBXGroup section */
		3739B45C2A21E3BC000F689D = {
			isa = PBXGroup;
			children = (
				3739B4E12A23548A000F689D /* README.md */,
				3739B4672A21E3BC000F689D /* Tiles2048 */,
				3739B4662A21E3BC000F689D /* Products */,
			);
			sourceTree = "<group>";
		};
		3739B4662A21E3BC000F689D /* Products */ = {
			isa = PBXGroup;
			children = (
				3739B4652A21E3BC000F689D /* Tiles2048.app */,
			);
			name = Products;
			sourceTree = "<group>";
		};
		3739B4672A21E3BC000F689D /* Tiles2048 */ = {
			isa = PBXGroup;
			children = (
				3739B4682A21E3BC000F689D /* Tiles2048App.swift */,
				3739B46C2A21E3BD000F689D /* Assets.xcassets */,
				3739B46E2A21E3BD000F689D /* Preview Content */,
				3739B48E2A223AF3000F689D /* TileColorTheme.swift */,
				3739B4902A223F0A000F689D /* TileView.swift */,
				3739B4922A224745000F689D /* BoardView.swift */,
				3739B4982A22C933000F689D /* GameView.swift */,
				3739B49A2A22CAC3000F689D /* GameLogic.swift */,
				3739B4BF2A22CCCE000F689D /* FactoryContentView.swift */,
				3739B4E32A23840C000F689D /* TileMatrix.swift */,
				3739B4E52A238450000F689D /* Tile.swift */,
			);
			path = Tiles2048;
			sourceTree = "<group>";
		};
		3739B46E2A21E3BD000F689D /* Preview Content */ = {
			isa = PBXGroup;
			children = (
				3739B46F2A21E3BD000F689D /* Preview Assets.xcassets */,
			);
			path = "Preview Content";
			sourceTree = "<group>";
		};
/* End PBXGroup section */

/* Begin PBXNativeTarget section */
		3739B4642A21E3BC000F689D /* Tiles2048 */ = {
			isa = PBXNativeTarget;
			buildConfigurationList = 3739B4732A21E3BD000F689D /* Build configuration list for PBXNativeTarget "Tiles2048" */;
			buildPhases = (
				3739B4622A21E3BC000F689D /* Frameworks */,
				3739B4632A21E3BC000F689D /* Resources */,
				3739B4C12A23291F000F689D /* Sources */,
			);
			buildRules = (
			);
			dependencies = (
			);
			name = Tiles2048;
			productName = Tiles2048;
			productReference = 3739B4652A21E3BC000F689D /* Tiles2048.app */;
			productType = "com.apple.product-type.application";
		};
/* End PBXNativeTarget section */

/* Begin PBXProject section */
		3739B45D2A21E3BC000F689D /* Project object */ = {
			isa = PBXProject;
			attributes = {
				BuildIndependentTargetsInParallel = 1;
				LastSwiftUpdateCheck = 1430;
				LastUpgradeCheck = 1430;
				TargetAttributes = {
					3739B4642A21E3BC000F689D = {
						CreatedOnToolsVersion = 14.3;
					};
				};
			};
			buildConfigurationList = 3739B4602A21E3BC000F689D /* Build configuration list for PBXProject "Tiles2048" */;
			compatibilityVersion = "Xcode 14.0";
			developmentRegion = en;
			hasScannedForEncodings = 0;
			knownRegions = (
				en,
				Base,
			);
			mainGroup = 3739B45C2A21E3BC000F689D;
			productRefGroup = 3739B4662A21E3BC000F689D /* Products */;
			projectDirPath = "";
			projectRoot = "";
			targets = (
				3739B4642A21E3BC000F689D /* Tiles2048 */,
			);
		};
/* End PBXProject section */

/* Begin PBXResourcesBuildPhase section */
		3739B4632A21E3BC000F689D /* Resources */ = {
			isa = PBXResourcesBuildPhase;
			buildActionMask = 2147483647;
			files = (
				3739B4E22A23548A000F689D /* README.md in Resources */,
				3739B4702A21E3BD000F689D /* Preview Assets.xcassets in Resources */,
				3739B46D2A21E3BD000F689D /* Assets.xcassets in Resources */,
			);
			runOnlyForDeploymentPostprocessing = 0;
		};
/* End PBXResourcesBuildPhase section */

/* Begin PBXSourcesBuildPhase section */
		3739B4C12A23291F000F689D /* Sources */ = {
			isa = PBXSourcesBuildPhase;
			buildActionMask = 2147483647;
			files = (
				3739B4C22A232E92000F689D /* Tiles2048App.swift in Sources */,
				3739B4C42A232E92000F689D /* TileColorTheme.swift in Sources */,
				3739B4C52A232E92000F689D /* TileView.swift in Sources */,
				3739B4C62A232E92000F689D /* BoardView.swift in Sources */,
				3739B4C92A232E92000F689D /* GameView.swift in Sources */,
				3739B4CA2A232E92000F689D /* GameLogic.swift in Sources */,
				3739B4E62A238450000F689D /* Tile.swift in Sources */,
				3739B4E42A23840C000F689D /* TileMatrix.swift in Sources */,
				3739B4CB2A232E92000F689D /* FactoryContentView.swift in Sources */,
			);
			runOnlyForDeploymentPostprocessing = 0;
		};
/* End PBXSourcesBuildPhase section */

/* Begin XCBuildConfiguration section */
		3739B4712A21E3BD000F689D /* Debug */ = {
			isa = XCBuildConfiguration;
			buildSettings = {
				ALWAYS_SEARCH_USER_PATHS = NO;
				CLANG_ANALYZER_NONNULL = YES;
				CLANG_ANALYZER_NUMBER_OBJECT_CONVERSION = YES_AGGRESSIVE;
				CLANG_CXX_LANGUAGE_STANDARD = "gnu++20";
				CLANG_ENABLE_MODULES = YES;
				CLANG_ENABLE_OBJC_ARC = YES;
				CLANG_ENABLE_OBJC_WEAK = YES;
				CLANG_WARN_BLOCK_CAPTURE_AUTORELEASING = YES;
				CLANG_WARN_BOOL_CONVERSION = YES;
				CLANG_WARN_COMMA = YES;
				CLANG_WARN_CONSTANT_CONVERSION = YES;
				CLANG_WARN_DEPRECATED_OBJC_IMPLEMENTATIONS = YES;
				CLANG_WARN_DIRECT_OBJC_ISA_USAGE = YES_ERROR;
				CLANG_WARN_DOCUMENTATION_COMMENTS = YES;
				CLANG_WARN_EMPTY_BODY = YES;
				CLANG_WARN_ENUM_CONVERSION = YES;
				CLANG_WARN_INFINITE_RECURSION = YES;
				CLANG_WARN_INT_CONVERSION = YES;
				CLANG_WARN_NON_LITERAL_NULL_CONVERSION = YES;
				CLANG_WARN_OBJC_IMPLICIT_RETAIN_SELF = YES;
				CLANG_WARN_OBJC_LITERAL_CONVERSION = YES;
				CLANG_WARN_OBJC_ROOT_CLASS = YES_ERROR;
				CLANG_WARN_QUOTED_INCLUDE_IN_FRAMEWORK_HEADER = YES;
				CLANG_WARN_RANGE_LOOP_ANALYSIS = YES;
				CLANG_WARN_STRICT_PROTOTYPES = YES;
				CLANG_WARN_SUSPICIOUS_MOVE = YES;
				CLANG_WARN_UNGUARDED_AVAILABILITY = YES_AGGRESSIVE;
				CLANG_WARN_UNREACHABLE_CODE = YES;
				CLANG_WARN__DUPLICATE_METHOD_MATCH = YES;
				COPY_PHASE_STRIP = NO;
				DEBUG_INFORMATION_FORMAT = dwarf;
				ENABLE_STRICT_OBJC_MSGSEND = YES;
				ENABLE_TESTABILITY = YES;
				GCC_C_LANGUAGE_STANDARD = gnu11;
				GCC_DYNAMIC_NO_PIC = NO;
				GCC_NO_COMMON_BLOCKS = YES;
				GCC_OPTIMIZATION_LEVEL = 0;
				GCC_PREPROCESSOR_DEFINITIONS = (
					"DEBUG=1",
					"$(inherited)",
				);
				GCC_WARN_64_TO_32_BIT_CONVERSION = YES;
				GCC_WARN_ABOUT_RETURN_TYPE = YES_ERROR;
				GCC_WARN_UNDECLARED_SELECTOR = YES;
				GCC_WARN_UNINITIALIZED_AUTOS = YES_AGGRESSIVE;
				GCC_WARN_UNUSED_FUNCTION = YES;
				GCC_WARN_UNUSED_VARIABLE = YES;
				IPHONEOS_DEPLOYMENT_TARGET = 16.4;
				MTL_ENABLE_DEBUG_INFO = INCLUDE_SOURCE;
				MTL_FAST_MATH = YES;
				ONLY_ACTIVE_ARCH = YES;
				SDKROOT = iphoneos;
				SWIFT_ACTIVE_COMPILATION_CONDITIONS = DEBUG;
				SWIFT_OPTIMIZATION_LEVEL = "-Onone";
			};
			name = Debug;
		};
		3739B4722A21E3BD000F689D /* Release */ = {
			isa = XCBuildConfiguration;
			buildSettings = {
				ALWAYS_SEARCH_USER_PATHS = NO;
				CLANG_ANALYZER_NONNULL = YES;
				CLANG_ANALYZER_NUMBER_OBJECT_CONVERSION = YES_AGGRESSIVE;
				CLANG_CXX_LANGUAGE_STANDARD = "gnu++20";
				CLANG_ENABLE_MODULES = YES;
				CLANG_ENABLE_OBJC_ARC = YES;
				CLANG_ENABLE_OBJC_WEAK = YES;
				CLANG_WARN_BLOCK_CAPTURE_AUTORELEASING = YES;
				CLANG_WARN_BOOL_CONVERSION = YES;
				CLANG_WARN_COMMA = YES;
				CLANG_WARN_CONSTANT_CONVERSION = YES;
				CLANG_WARN_DEPRECATED_OBJC_IMPLEMENTATIONS = YES;
				CLANG_WARN_DIRECT_OBJC_ISA_USAGE = YES_ERROR;
				CLANG_WARN_DOCUMENTATION_COMMENTS = YES;
				CLANG_WARN_EMPTY_BODY = YES;
				CLANG_WARN_ENUM_CONVERSION = YES;
				CLANG_WARN_INFINITE_RECURSION = YES;
				CLANG_WARN_INT_CONVERSION = YES;
				CLANG_WARN_NON_LITERAL_NULL_CONVERSION = YES;
				CLANG_WARN_OBJC_IMPLICIT_RETAIN_SELF = YES;
				CLANG_WARN_OBJC_LITERAL_CONVERSION = YES;
				CLANG_WARN_OBJC_ROOT_CLASS = YES_ERROR;
				CLANG_WARN_QUOTED_INCLUDE_IN_FRAMEWORK_HEADER = YES;
				CLANG_WARN_RANGE_LOOP_ANALYSIS = YES;
				CLANG_WARN_STRICT_PROTOTYPES = YES;
				CLANG_WARN_SUSPICIOUS_MOVE = YES;
				CLANG_WARN_UNGUARDED_AVAILABILITY = YES_AGGRESSIVE;
				CLANG_WARN_UNREACHABLE_CODE = YES;
				CLANG_WARN__DUPLICATE_METHOD_MATCH = YES;
				COPY_PHASE_STRIP = NO;
				DEBUG_INFORMATION_FORMAT = "dwarf-with-dsym";
				ENABLE_NS_ASSERTIONS = NO;
				ENABLE_STRICT_OBJC_MSGSEND = YES;
				GCC_C_LANGUAGE_STANDARD = gnu11;
				GCC_NO_COMMON_BLOCKS = YES;
				GCC_WARN_64_TO_32_BIT_CONVERSION = YES;
				GCC_WARN_ABOUT_RETURN_TYPE = YES_ERROR;
				GCC_WARN_UNDECLARED_SELECTOR = YES;
				GCC_WARN_UNINITIALIZED_AUTOS = YES_AGGRESSIVE;
				GCC_WARN_UNUSED_FUNCTION = YES;
				GCC_WARN_UNUSED_VARIABLE = YES;
				IPHONEOS_DEPLOYMENT_TARGET = 16.4;
				MTL_ENABLE_DEBUG_INFO = NO;
				MTL_FAST_MATH = YES;
				SDKROOT = iphoneos;
				SWIFT_COMPILATION_MODE = wholemodule;
				SWIFT_OPTIMIZATION_LEVEL = "-O";
				VALIDATE_PRODUCT = YES;
			};
			name = Release;
		};
		3739B4742A21E3BD000F689D /* Debug */ = {
			isa = XCBuildConfiguration;
			buildSettings = {
				ASSETCATALOG_COMPILER_APPICON_NAME = AppIcon;
				ASSETCATALOG_COMPILER_GLOBAL_ACCENT_COLOR_NAME = AccentColor;
				CODE_SIGN_STYLE = Automatic;
				CURRENT_PROJECT_VERSION = 1;
				DEVELOPMENT_ASSET_PATHS = "\"Tiles2048/Preview Content\"";
				ENABLE_PREVIEWS = YES;
				GENERATE_INFOPLIST_FILE = YES;
				INFOPLIST_KEY_UIApplicationSceneManifest_Generation = YES;
				INFOPLIST_KEY_UIApplicationSupportsIndirectInputEvents = YES;
				INFOPLIST_KEY_UILaunchScreen_Generation = YES;
				INFOPLIST_KEY_UISupportedInterfaceOrientations_iPad = "UIInterfaceOrientationPortrait UIInterfaceOrientationPortraitUpsideDown UIInterfaceOrientationLandscapeLeft UIInterfaceOrientationLandscapeRight";
				INFOPLIST_KEY_UISupportedInterfaceOrientations_iPhone = "UIInterfaceOrientationPortrait UIInterfaceOrientationLandscapeLeft UIInterfaceOrientationLandscapeRight";
				LD_RUNPATH_SEARCH_PATHS = (
					"$(inherited)",
					"@executable_path/Frameworks",
				);
				MARKETING_VERSION = 1.0;
				PRODUCT_BUNDLE_IDENTIFIER = zhimoe.Tiles2048;
				PRODUCT_NAME = "$(TARGET_NAME)";
				SWIFT_EMIT_LOC_STRINGS = YES;
				SWIFT_VERSION = 5.0;
				TARGETED_DEVICE_FAMILY = "1,2";
			};
			name = Debug;
		};
		3739B4752A21E3BD000F689D /* Release */ = {
			isa = XCBuildConfiguration;
			buildSettings = {
				ASSETCATALOG_COMPILER_APPICON_NAME = AppIcon;
				ASSETCATALOG_COMPILER_GLOBAL_ACCENT_COLOR_NAME = AccentColor;
				CODE_SIGN_STYLE = Automatic;
				CURRENT_PROJECT_VERSION = 1;
				DEVELOPMENT_ASSET_PATHS = "\"Tiles2048/Preview Content\"";
				ENABLE_PREVIEWS = YES;
				GENERATE_INFOPLIST_FILE = YES;
				INFOPLIST_KEY_UIApplicationSceneManifest_Generation = YES;
				INFOPLIST_KEY_UIApplicationSupportsIndirectInputEvents = YES;
				INFOPLIST_KEY_UILaunchScreen_Generation = YES;
				INFOPLIST_KEY_UISupportedInterfaceOrientations_iPad = "UIInterfaceOrientationPortrait UIInterfaceOrientationPortraitUpsideDown UIInterfaceOrientationLandscapeLeft UIInterfaceOrientationLandscapeRight";
				INFOPLIST_KEY_UISupportedInterfaceOrientations_iPhone = "UIInterfaceOrientationPortrait UIInterfaceOrientationLandscapeLeft UIInterfaceOrientationLandscapeRight";
				LD_RUNPATH_SEARCH_PATHS = (
					"$(inherited)",
					"@executable_path/Frameworks",
				);
				MARKETING_VERSION = 1.0;
				PRODUCT_BUNDLE_IDENTIFIER = zhimoe.Tiles2048;
				PRODUCT_NAME = "$(TARGET_NAME)";
				SWIFT_EMIT_LOC_STRINGS = YES;
				SWIFT_VERSION = 5.0;
				TARGETED_DEVICE_FAMILY = "1,2";
			};
			name = Release;
		};
/* End XCBuildConfiguration section */

/* Begin XCConfigurationList section */
		3739B4602A21E3BC000F689D /* Build configuration list for PBXProject "Tiles2048" */ = {
			isa = XCConfigurationList;
			buildConfigurations = (
				3739B4712A21E3BD000F689D /* Debug */,
				3739B4722A21E3BD000F689D /* Release */,
			);
			defaultConfigurationIsVisible = 0;
			defaultConfigurationName = Release;
		};
		3739B4732A21E3BD000F689D /* Build configuration list for PBXNativeTarget "Tiles2048" */ = {
			isa = XCConfigurationList;
			buildConfigurations = (
				3739B4742A21E3BD000F689D /* Debug */,
				3739B4752A21E3BD000F689D /* Release */,
			);
			defaultConfigurationIsVisible = 0;
			defaultConfigurationName = Release;
		};
/* End XCConfigurationList section */
	};
	rootObject = 3739B45D2A21E3BC000F689D /* Project object */;
}
